
Microsoft Visual Studio Solution File, Format Version 12.00
# Visual Studio 15
VisualStudioVersion = 15.0.27130.2010
MinimumVisualStudioVersion = 10.0.40219.1
Project("{2150E333-8FDC-42A3-9474-1A3956D46DE8}") = "Teddy", "Teddy", "{82C5A286-1391-4166-926D-09F50B0E126F}"
EndProject
Project("{FAE04EC0-301F-11D3-BF4B-00C04F79EFBC}") = "EPONS.Teddy.Presentation", "EPONS.Teddy.Presentation\EPONS.Teddy.Presentation.csproj", "{163283D8-F27D-45E1-9ED1-CFBB8340CAC1}"
EndProject
Project("{2150E333-8FDC-42A3-9474-1A3956D46DE8}") = "Files", "Files", "{11CDC3AE-1537-4379-9E10-CF9B8E97B5F8}"
	ProjectSection(SolutionItems) = preProject
		Credentials.txt = Credentials.txt
	EndProjectSection
EndProject
Project("{FAE04EC0-301F-11D3-BF4B-00C04F79EFBC}") = "EPONS.Teddy.Application", "EPONS.Teddy.Application\EPONS.Teddy.Application.csproj", "{485AFA7D-1276-40A3-B9F3-43CD5C3B38E9}"
EndProject
Project("{00D1A9C2-B5F0-4AF3-8072-F6C62B433612}") = "EPONS.Teddy.Database", "EPONS.Teddy.Database\EPONS.Teddy.Database.sqlproj", "{8866DA1C-E2D1-45A7-A902-5A8B39F30F39}"
EndProject
Global
	GlobalSection(SolutionConfigurationPlatforms) = preSolution
		Debug|Any CPU = Debug|Any CPU
		EPONS|Any CPU = EPONS|Any CPU
		EPONSDev|Any CPU = EPONSDev|Any CPU
		Release|Any CPU = Release|Any CPU
		Temp|Any CPU = Temp|Any CPU
	EndGlobalSection
	GlobalSection(ProjectConfigurationPlatforms) = postSolution
		{163283D8-F27D-45E1-9ED1-CFBB8340CAC1}.Debug|Any CPU.ActiveCfg = Debug|Any CPU
		{163283D8-F27D-45E1-9ED1-CFBB8340CAC1}.Debug|Any CPU.Build.0 = Debug|Any CPU
		{163283D8-F27D-45E1-9ED1-CFBB8340CAC1}.EPONS|Any CPU.ActiveCfg = EPONS|Any CPU
		{163283D8-F27D-45E1-9ED1-CFBB8340CAC1}.EPONS|Any CPU.Build.0 = EPONS|Any CPU
		{163283D8-F27D-45E1-9ED1-CFBB8340CAC1}.EPONSDev|Any CPU.ActiveCfg = EPONSDev|Any CPU
		{163283D8-F27D-45E1-9ED1-CFBB8340CAC1}.EPONSDev|Any CPU.Build.0 = EPONSDev|Any CPU
		{163283D8-F27D-45E1-9ED1-CFBB8340CAC1}.Release|Any CPU.ActiveCfg = Release|Any CPU
		{163283D8-F27D-45E1-9ED1-CFBB8340CAC1}.Release|Any CPU.Build.0 = Release|Any CPU
		{163283D8-F27D-45E1-9ED1-CFBB8340CAC1}.Temp|Any CPU.ActiveCfg = Temp|Any CPU
		{163283D8-F27D-45E1-9ED1-CFBB8340CAC1}.Temp|Any CPU.Build.0 = Temp|Any CPU
		{485AFA7D-1276-40A3-B9F3-43CD5C3B38E9}.Debug|Any CPU.ActiveCfg = Debug|Any CPU
		{485AFA7D-1276-40A3-B9F3-43CD5C3B38E9}.Debug|Any CPU.Build.0 = Debug|Any CPU
		{485AFA7D-1276-40A3-B9F3-43CD5C3B38E9}.EPONS|Any CPU.ActiveCfg = Release|Any CPU
		{485AFA7D-1276-40A3-B9F3-43CD5C3B38E9}.EPONS|Any CPU.Build.0 = Release|Any CPU
		{485AFA7D-1276-40A3-B9F3-43CD5C3B38E9}.EPONSDev|Any CPU.ActiveCfg = Release|Any CPU
		{485AFA7D-1276-40A3-B9F3-43CD5C3B38E9}.EPONSDev|Any CPU.Build.0 = Release|Any CPU
		{485AFA7D-1276-40A3-B9F3-43CD5C3B38E9}.Release|Any CPU.ActiveCfg = Release|Any CPU
		{485AFA7D-1276-40A3-B9F3-43CD5C3B38E9}.Release|Any CPU.Build.0 = Release|Any CPU
		{485AFA7D-1276-40A3-B9F3-43CD5C3B38E9}.Temp|Any CPU.ActiveCfg = Temp|Any CPU
		{485AFA7D-1276-40A3-B9F3-43CD5C3B38E9}.Temp|Any CPU.Build.0 = Temp|Any CPU
		{8866DA1C-E2D1-45A7-A902-5A8B39F30F39}.Debug|Any CPU.ActiveCfg = Debug|Any CPU
		{8866DA1C-E2D1-45A7-A902-5A8B39F30F39}.Debug|Any CPU.Build.0 = Debug|Any CPU
		{8866DA1C-E2D1-45A7-A902-5A8B39F30F39}.Debug|Any CPU.Deploy.0 = Debug|Any CPU
		{8866DA1C-E2D1-45A7-A902-5A8B39F30F39}.EPONS|Any CPU.ActiveCfg = Debug|Any CPU
		{8866DA1C-E2D1-45A7-A902-5A8B39F30F39}.EPONSDev|Any CPU.ActiveCfg = Debug|Any CPU
		{8866DA1C-E2D1-45A7-A902-5A8B39F30F39}.Release|Any CPU.ActiveCfg = Release|Any CPU
		{8866DA1C-E2D1-45A7-A902-5A8B39F30F39}.Temp|Any CPU.ActiveCfg = Temp|Any CPU
		{8866DA1C-E2D1-45A7-A902-5A8B39F30F39}.Temp|Any CPU.Build.0 = Temp|Any CPU
		{8866DA1C-E2D1-45A7-A902-5A8B39F30F39}.Temp|Any CPU.Deploy.0 = Temp|Any CPU
	EndGlobalSection
	GlobalSection(SolutionProperties) = preSolution
		HideSolutionNode = FALSE
	EndGlobalSection
	GlobalSection(NestedProjects) = preSolution
		{163283D8-F27D-45E1-9ED1-CFBB8340CAC1} = {82C5A286-1391-4166-926D-09F50B0E126F}
		{11CDC3AE-1537-4379-9E10-CF9B8E97B5F8} = {82C5A286-1391-4166-926D-09F50B0E126F}
		{485AFA7D-1276-40A3-B9F3-43CD5C3B38E9} = {82C5A286-1391-4166-926D-09F50B0E126F}
	EndGlobalSection
	GlobalSection(ExtensibilityGlobals) = postSolution
		SolutionGuid = {714335F4-8EE2-41A3-9C82-1E2BBE198C16}
	EndGlobalSection
EndGlobal
