
Microsoft Visual Studio Solution File, Format Version 12.00
# Visual Studio 14
VisualStudioVersion = 14.0.25123.0
MinimumVisualStudioVersion = 10.0.40219.1
Project("{FAE04EC0-301F-11D3-BF4B-00C04F79EFBC}") = "SADFM.Web", "SADFM.Web\SADFM.Web.csproj", "{A5859E0E-3C08-4045-B8DC-B3FB13655B00}"
EndProject
Project("{FAE04EC0-301F-11D3-BF4B-00C04F79EFBC}") = "SADFM.Data", "SADFM.Data\SADFM.Data.csproj", "{4375DC4F-F5F5-4408-9CC0-550C98EA5D00}"
EndProject
Project("{FAE04EC0-301F-11D3-BF4B-00C04F79EFBC}") = "SADFM.Base", "SADFM.Base\SADFM.Base.csproj", "{727EBF8B-0D48-4558-8BA0-EEECB337F63B}"
EndProject
Project("{FAE04EC0-301F-11D3-BF4B-00C04F79EFBC}") = "SADFM.DataImporter", "SADFM.DataImporter\SADFM.DataImporter.csproj", "{ED2154C6-6E23-4F17-9236-2B8BBC57C89C}"
EndProject
Project("{2150E333-8FDC-42A3-9474-1A3956D46DE8}") = "Tests", "Tests", "{15721EB7-3E8F-49AC-8BEB-567C0AF2E174}"
EndProject
Project("{2150E333-8FDC-42A3-9474-1A3956D46DE8}") = ".nuget", ".nuget", "{D0150C06-7AAA-4F9C-935A-1C797DD6BB0A}"
	ProjectSection(SolutionItems) = preProject
		.nuget\NuGet.Config = .nuget\NuGet.Config
		.nuget\NuGet.exe = .nuget\NuGet.exe
		.nuget\NuGet.targets = .nuget\NuGet.targets
	EndProjectSection
EndProject
Project("{FAE04EC0-301F-11D3-BF4B-00C04F79EFBC}") = "SADFM.DebugConsole", "SADFM.DebugConsole\SADFM.DebugConsole.csproj", "{D680A885-9006-4DFA-8337-3CD68FCA97A3}"
EndProject
Project("{FAE04EC0-301F-11D3-BF4B-00C04F79EFBC}") = "SADFM.Application", "SADFM.Application\SADFM.Application.csproj", "{5E4FD3E0-64B8-4A39-A799-60B89F2C60F2}"
EndProject
Project("{FAE04EC0-301F-11D3-BF4B-00C04F79EFBC}") = "SADFM.Infrastructure.Persistence", "SADFM.Infrastructure.Persistence\SADFM.Infrastructure.Persistence.csproj", "{87AF0FC9-5871-4B1D-AD1E-5BEDE28849B9}"
EndProject
Project("{FAE04EC0-301F-11D3-BF4B-00C04F79EFBC}") = "SADFM.Infrastructure", "SADFM.Infrastructrure\SADFM.Infrastructure.csproj", "{15F77B42-9FB1-4F45-8A54-8C3BEEFFD8E6}"
EndProject
Project("{FAE04EC0-301F-11D3-BF4B-00C04F79EFBC}") = "SADFM.Domain", "SADFM.Domain\SADFM.Domain.csproj", "{20FBA346-6F39-493F-A1AE-D7135C14A1C1}"
EndProject
Project("{FAE04EC0-301F-11D3-BF4B-00C04F79EFBC}") = "EPONS.Teddy.Client", "..\..\EPONS\EPONS.Teddy.Client\EPONS.Teddy.Client.csproj", "{21735B95-34AB-4277-BF57-4B02C0F2E4FA}"
EndProject
Global
	GlobalSection(SolutionConfigurationPlatforms) = preSolution
		Debug|Any CPU = Debug|Any CPU
		Debug|ARM = Debug|ARM
		Debug|Mixed Platforms = Debug|Mixed Platforms
		Debug|x64 = Debug|x64
		Debug|x86 = Debug|x86
		Release|Any CPU = Release|Any CPU
		Release|ARM = Release|ARM
		Release|Mixed Platforms = Release|Mixed Platforms
		Release|x64 = Release|x64
		Release|x86 = Release|x86
	EndGlobalSection
	GlobalSection(ProjectConfigurationPlatforms) = postSolution
		{A5859E0E-3C08-4045-B8DC-B3FB13655B00}.Debug|Any CPU.ActiveCfg = Debug|Any CPU
		{A5859E0E-3C08-4045-B8DC-B3FB13655B00}.Debug|Any CPU.Build.0 = Debug|Any CPU
		{A5859E0E-3C08-4045-B8DC-B3FB13655B00}.Debug|ARM.ActiveCfg = Debug|Any CPU
		{A5859E0E-3C08-4045-B8DC-B3FB13655B00}.Debug|Mixed Platforms.ActiveCfg = Debug|Any CPU
		{A5859E0E-3C08-4045-B8DC-B3FB13655B00}.Debug|Mixed Platforms.Build.0 = Debug|Any CPU
		{A5859E0E-3C08-4045-B8DC-B3FB13655B00}.Debug|x64.ActiveCfg = Debug|Any CPU
		{A5859E0E-3C08-4045-B8DC-B3FB13655B00}.Debug|x86.ActiveCfg = Debug|Any CPU
		{A5859E0E-3C08-4045-B8DC-B3FB13655B00}.Release|Any CPU.ActiveCfg = Release|Any CPU
		{A5859E0E-3C08-4045-B8DC-B3FB13655B00}.Release|Any CPU.Build.0 = Release|Any CPU
		{A5859E0E-3C08-4045-B8DC-B3FB13655B00}.Release|ARM.ActiveCfg = Release|Any CPU
		{A5859E0E-3C08-4045-B8DC-B3FB13655B00}.Release|Mixed Platforms.ActiveCfg = Release|Any CPU
		{A5859E0E-3C08-4045-B8DC-B3FB13655B00}.Release|Mixed Platforms.Build.0 = Release|Any CPU
		{A5859E0E-3C08-4045-B8DC-B3FB13655B00}.Release|x64.ActiveCfg = Release|Any CPU
		{A5859E0E-3C08-4045-B8DC-B3FB13655B00}.Release|x86.ActiveCfg = Release|Any CPU
		{4375DC4F-F5F5-4408-9CC0-550C98EA5D00}.Debug|Any CPU.ActiveCfg = Debug|Any CPU
		{4375DC4F-F5F5-4408-9CC0-550C98EA5D00}.Debug|Any CPU.Build.0 = Debug|Any CPU
		{4375DC4F-F5F5-4408-9CC0-550C98EA5D00}.Debug|ARM.ActiveCfg = Debug|Any CPU
		{4375DC4F-F5F5-4408-9CC0-550C98EA5D00}.Debug|Mixed Platforms.ActiveCfg = Debug|Any CPU
		{4375DC4F-F5F5-4408-9CC0-550C98EA5D00}.Debug|Mixed Platforms.Build.0 = Debug|Any CPU
		{4375DC4F-F5F5-4408-9CC0-550C98EA5D00}.Debug|x64.ActiveCfg = Debug|Any CPU
		{4375DC4F-F5F5-4408-9CC0-550C98EA5D00}.Debug|x86.ActiveCfg = Debug|Any CPU
		{4375DC4F-F5F5-4408-9CC0-550C98EA5D00}.Release|Any CPU.ActiveCfg = Release|Any CPU
		{4375DC4F-F5F5-4408-9CC0-550C98EA5D00}.Release|Any CPU.Build.0 = Release|Any CPU
		{4375DC4F-F5F5-4408-9CC0-550C98EA5D00}.Release|ARM.ActiveCfg = Release|Any CPU
		{4375DC4F-F5F5-4408-9CC0-550C98EA5D00}.Release|Mixed Platforms.ActiveCfg = Release|Any CPU
		{4375DC4F-F5F5-4408-9CC0-550C98EA5D00}.Release|Mixed Platforms.Build.0 = Release|Any CPU
		{4375DC4F-F5F5-4408-9CC0-550C98EA5D00}.Release|x64.ActiveCfg = Release|Any CPU
		{4375DC4F-F5F5-4408-9CC0-550C98EA5D00}.Release|x86.ActiveCfg = Release|Any CPU
		{727EBF8B-0D48-4558-8BA0-EEECB337F63B}.Debug|Any CPU.ActiveCfg = Debug|Any CPU
		{727EBF8B-0D48-4558-8BA0-EEECB337F63B}.Debug|Any CPU.Build.0 = Debug|Any CPU
		{727EBF8B-0D48-4558-8BA0-EEECB337F63B}.Debug|ARM.ActiveCfg = Debug|Any CPU
		{727EBF8B-0D48-4558-8BA0-EEECB337F63B}.Debug|Mixed Platforms.ActiveCfg = Debug|Any CPU
		{727EBF8B-0D48-4558-8BA0-EEECB337F63B}.Debug|Mixed Platforms.Build.0 = Debug|Any CPU
		{727EBF8B-0D48-4558-8BA0-EEECB337F63B}.Debug|x64.ActiveCfg = Debug|Any CPU
		{727EBF8B-0D48-4558-8BA0-EEECB337F63B}.Debug|x86.ActiveCfg = Debug|Any CPU
		{727EBF8B-0D48-4558-8BA0-EEECB337F63B}.Release|Any CPU.ActiveCfg = Release|Any CPU
		{727EBF8B-0D48-4558-8BA0-EEECB337F63B}.Release|Any CPU.Build.0 = Release|Any CPU
		{727EBF8B-0D48-4558-8BA0-EEECB337F63B}.Release|ARM.ActiveCfg = Release|Any CPU
		{727EBF8B-0D48-4558-8BA0-EEECB337F63B}.Release|Mixed Platforms.ActiveCfg = Release|Any CPU
		{727EBF8B-0D48-4558-8BA0-EEECB337F63B}.Release|Mixed Platforms.Build.0 = Release|Any CPU
		{727EBF8B-0D48-4558-8BA0-EEECB337F63B}.Release|x64.ActiveCfg = Release|Any CPU
		{727EBF8B-0D48-4558-8BA0-EEECB337F63B}.Release|x86.ActiveCfg = Release|Any CPU
		{ED2154C6-6E23-4F17-9236-2B8BBC57C89C}.Debug|Any CPU.ActiveCfg = Debug|Any CPU
		{ED2154C6-6E23-4F17-9236-2B8BBC57C89C}.Debug|Any CPU.Build.0 = Debug|Any CPU
		{ED2154C6-6E23-4F17-9236-2B8BBC57C89C}.Debug|ARM.ActiveCfg = Debug|Any CPU
		{ED2154C6-6E23-4F17-9236-2B8BBC57C89C}.Debug|Mixed Platforms.ActiveCfg = Debug|Any CPU
		{ED2154C6-6E23-4F17-9236-2B8BBC57C89C}.Debug|Mixed Platforms.Build.0 = Debug|Any CPU
		{ED2154C6-6E23-4F17-9236-2B8BBC57C89C}.Debug|x64.ActiveCfg = Debug|Any CPU
		{ED2154C6-6E23-4F17-9236-2B8BBC57C89C}.Debug|x86.ActiveCfg = Debug|Any CPU
		{ED2154C6-6E23-4F17-9236-2B8BBC57C89C}.Release|Any CPU.ActiveCfg = Release|Any CPU
		{ED2154C6-6E23-4F17-9236-2B8BBC57C89C}.Release|Any CPU.Build.0 = Release|Any CPU
		{ED2154C6-6E23-4F17-9236-2B8BBC57C89C}.Release|ARM.ActiveCfg = Release|Any CPU
		{ED2154C6-6E23-4F17-9236-2B8BBC57C89C}.Release|Mixed Platforms.ActiveCfg = Release|Any CPU
		{ED2154C6-6E23-4F17-9236-2B8BBC57C89C}.Release|Mixed Platforms.Build.0 = Release|Any CPU
		{ED2154C6-6E23-4F17-9236-2B8BBC57C89C}.Release|x64.ActiveCfg = Release|Any CPU
		{ED2154C6-6E23-4F17-9236-2B8BBC57C89C}.Release|x86.ActiveCfg = Release|Any CPU
		{D680A885-9006-4DFA-8337-3CD68FCA97A3}.Debug|Any CPU.ActiveCfg = Debug|Any CPU
		{D680A885-9006-4DFA-8337-3CD68FCA97A3}.Debug|Any CPU.Build.0 = Debug|Any CPU
		{D680A885-9006-4DFA-8337-3CD68FCA97A3}.Debug|ARM.ActiveCfg = Debug|Any CPU
		{D680A885-9006-4DFA-8337-3CD68FCA97A3}.Debug|ARM.Build.0 = Debug|Any CPU
		{D680A885-9006-4DFA-8337-3CD68FCA97A3}.Debug|Mixed Platforms.ActiveCfg = Debug|Any CPU
		{D680A885-9006-4DFA-8337-3CD68FCA97A3}.Debug|Mixed Platforms.Build.0 = Debug|Any CPU
		{D680A885-9006-4DFA-8337-3CD68FCA97A3}.Debug|x64.ActiveCfg = Debug|Any CPU
		{D680A885-9006-4DFA-8337-3CD68FCA97A3}.Debug|x64.Build.0 = Debug|Any CPU
		{D680A885-9006-4DFA-8337-3CD68FCA97A3}.Debug|x86.ActiveCfg = Debug|Any CPU
		{D680A885-9006-4DFA-8337-3CD68FCA97A3}.Debug|x86.Build.0 = Debug|Any CPU
		{D680A885-9006-4DFA-8337-3CD68FCA97A3}.Release|Any CPU.ActiveCfg = Release|Any CPU
		{D680A885-9006-4DFA-8337-3CD68FCA97A3}.Release|Any CPU.Build.0 = Release|Any CPU
		{D680A885-9006-4DFA-8337-3CD68FCA97A3}.Release|ARM.ActiveCfg = Release|Any CPU
		{D680A885-9006-4DFA-8337-3CD68FCA97A3}.Release|ARM.Build.0 = Release|Any CPU
		{D680A885-9006-4DFA-8337-3CD68FCA97A3}.Release|Mixed Platforms.ActiveCfg = Release|Any CPU
		{D680A885-9006-4DFA-8337-3CD68FCA97A3}.Release|Mixed Platforms.Build.0 = Release|Any CPU
		{D680A885-9006-4DFA-8337-3CD68FCA97A3}.Release|x64.ActiveCfg = Release|Any CPU
		{D680A885-9006-4DFA-8337-3CD68FCA97A3}.Release|x64.Build.0 = Release|Any CPU
		{D680A885-9006-4DFA-8337-3CD68FCA97A3}.Release|x86.ActiveCfg = Release|Any CPU
		{D680A885-9006-4DFA-8337-3CD68FCA97A3}.Release|x86.Build.0 = Release|Any CPU
		{5E4FD3E0-64B8-4A39-A799-60B89F2C60F2}.Debug|Any CPU.ActiveCfg = Debug|Any CPU
		{5E4FD3E0-64B8-4A39-A799-60B89F2C60F2}.Debug|Any CPU.Build.0 = Debug|Any CPU
		{5E4FD3E0-64B8-4A39-A799-60B89F2C60F2}.Debug|ARM.ActiveCfg = Debug|Any CPU
		{5E4FD3E0-64B8-4A39-A799-60B89F2C60F2}.Debug|ARM.Build.0 = Debug|Any CPU
		{5E4FD3E0-64B8-4A39-A799-60B89F2C60F2}.Debug|Mixed Platforms.ActiveCfg = Debug|Any CPU
		{5E4FD3E0-64B8-4A39-A799-60B89F2C60F2}.Debug|Mixed Platforms.Build.0 = Debug|Any CPU
		{5E4FD3E0-64B8-4A39-A799-60B89F2C60F2}.Debug|x64.ActiveCfg = Debug|Any CPU
		{5E4FD3E0-64B8-4A39-A799-60B89F2C60F2}.Debug|x64.Build.0 = Debug|Any CPU
		{5E4FD3E0-64B8-4A39-A799-60B89F2C60F2}.Debug|x86.ActiveCfg = Debug|Any CPU
		{5E4FD3E0-64B8-4A39-A799-60B89F2C60F2}.Debug|x86.Build.0 = Debug|Any CPU
		{5E4FD3E0-64B8-4A39-A799-60B89F2C60F2}.Release|Any CPU.ActiveCfg = Release|Any CPU
		{5E4FD3E0-64B8-4A39-A799-60B89F2C60F2}.Release|Any CPU.Build.0 = Release|Any CPU
		{5E4FD3E0-64B8-4A39-A799-60B89F2C60F2}.Release|ARM.ActiveCfg = Release|Any CPU
		{5E4FD3E0-64B8-4A39-A799-60B89F2C60F2}.Release|ARM.Build.0 = Release|Any CPU
		{5E4FD3E0-64B8-4A39-A799-60B89F2C60F2}.Release|Mixed Platforms.ActiveCfg = Release|Any CPU
		{5E4FD3E0-64B8-4A39-A799-60B89F2C60F2}.Release|Mixed Platforms.Build.0 = Release|Any CPU
		{5E4FD3E0-64B8-4A39-A799-60B89F2C60F2}.Release|x64.ActiveCfg = Release|Any CPU
		{5E4FD3E0-64B8-4A39-A799-60B89F2C60F2}.Release|x64.Build.0 = Release|Any CPU
		{5E4FD3E0-64B8-4A39-A799-60B89F2C60F2}.Release|x86.ActiveCfg = Release|Any CPU
		{5E4FD3E0-64B8-4A39-A799-60B89F2C60F2}.Release|x86.Build.0 = Release|Any CPU
		{87AF0FC9-5871-4B1D-AD1E-5BEDE28849B9}.Debug|Any CPU.ActiveCfg = Debug|Any CPU
		{87AF0FC9-5871-4B1D-AD1E-5BEDE28849B9}.Debug|Any CPU.Build.0 = Debug|Any CPU
		{87AF0FC9-5871-4B1D-AD1E-5BEDE28849B9}.Debug|ARM.ActiveCfg = Debug|Any CPU
		{87AF0FC9-5871-4B1D-AD1E-5BEDE28849B9}.Debug|ARM.Build.0 = Debug|Any CPU
		{87AF0FC9-5871-4B1D-AD1E-5BEDE28849B9}.Debug|Mixed Platforms.ActiveCfg = Debug|Any CPU
		{87AF0FC9-5871-4B1D-AD1E-5BEDE28849B9}.Debug|Mixed Platforms.Build.0 = Debug|Any CPU
		{87AF0FC9-5871-4B1D-AD1E-5BEDE28849B9}.Debug|x64.ActiveCfg = Debug|Any CPU
		{87AF0FC9-5871-4B1D-AD1E-5BEDE28849B9}.Debug|x64.Build.0 = Debug|Any CPU
		{87AF0FC9-5871-4B1D-AD1E-5BEDE28849B9}.Debug|x86.ActiveCfg = Debug|Any CPU
		{87AF0FC9-5871-4B1D-AD1E-5BEDE28849B9}.Debug|x86.Build.0 = Debug|Any CPU
		{87AF0FC9-5871-4B1D-AD1E-5BEDE28849B9}.Release|Any CPU.ActiveCfg = Release|Any CPU
		{87AF0FC9-5871-4B1D-AD1E-5BEDE28849B9}.Release|Any CPU.Build.0 = Release|Any CPU
		{87AF0FC9-5871-4B1D-AD1E-5BEDE28849B9}.Release|ARM.ActiveCfg = Release|Any CPU
		{87AF0FC9-5871-4B1D-AD1E-5BEDE28849B9}.Release|ARM.Build.0 = Release|Any CPU
		{87AF0FC9-5871-4B1D-AD1E-5BEDE28849B9}.Release|Mixed Platforms.ActiveCfg = Release|Any CPU
		{87AF0FC9-5871-4B1D-AD1E-5BEDE28849B9}.Release|Mixed Platforms.Build.0 = Release|Any CPU
		{87AF0FC9-5871-4B1D-AD1E-5BEDE28849B9}.Release|x64.ActiveCfg = Release|Any CPU
		{87AF0FC9-5871-4B1D-AD1E-5BEDE28849B9}.Release|x64.Build.0 = Release|Any CPU
		{87AF0FC9-5871-4B1D-AD1E-5BEDE28849B9}.Release|x86.ActiveCfg = Release|Any CPU
		{87AF0FC9-5871-4B1D-AD1E-5BEDE28849B9}.Release|x86.Build.0 = Release|Any CPU
		{15F77B42-9FB1-4F45-8A54-8C3BEEFFD8E6}.Debug|Any CPU.ActiveCfg = Debug|Any CPU
		{15F77B42-9FB1-4F45-8A54-8C3BEEFFD8E6}.Debug|Any CPU.Build.0 = Debug|Any CPU
		{15F77B42-9FB1-4F45-8A54-8C3BEEFFD8E6}.Debug|ARM.ActiveCfg = Debug|Any CPU
		{15F77B42-9FB1-4F45-8A54-8C3BEEFFD8E6}.Debug|ARM.Build.0 = Debug|Any CPU
		{15F77B42-9FB1-4F45-8A54-8C3BEEFFD8E6}.Debug|Mixed Platforms.ActiveCfg = Debug|Any CPU
		{15F77B42-9FB1-4F45-8A54-8C3BEEFFD8E6}.Debug|Mixed Platforms.Build.0 = Debug|Any CPU
		{15F77B42-9FB1-4F45-8A54-8C3BEEFFD8E6}.Debug|x64.ActiveCfg = Debug|Any CPU
		{15F77B42-9FB1-4F45-8A54-8C3BEEFFD8E6}.Debug|x64.Build.0 = Debug|Any CPU
		{15F77B42-9FB1-4F45-8A54-8C3BEEFFD8E6}.Debug|x86.ActiveCfg = Debug|Any CPU
		{15F77B42-9FB1-4F45-8A54-8C3BEEFFD8E6}.Debug|x86.Build.0 = Debug|Any CPU
		{15F77B42-9FB1-4F45-8A54-8C3BEEFFD8E6}.Release|Any CPU.ActiveCfg = Release|Any CPU
		{15F77B42-9FB1-4F45-8A54-8C3BEEFFD8E6}.Release|Any CPU.Build.0 = Release|Any CPU
		{15F77B42-9FB1-4F45-8A54-8C3BEEFFD8E6}.Release|ARM.ActiveCfg = Release|Any CPU
		{15F77B42-9FB1-4F45-8A54-8C3BEEFFD8E6}.Release|ARM.Build.0 = Release|Any CPU
		{15F77B42-9FB1-4F45-8A54-8C3BEEFFD8E6}.Release|Mixed Platforms.ActiveCfg = Release|Any CPU
		{15F77B42-9FB1-4F45-8A54-8C3BEEFFD8E6}.Release|Mixed Platforms.Build.0 = Release|Any CPU
		{15F77B42-9FB1-4F45-8A54-8C3BEEFFD8E6}.Release|x64.ActiveCfg = Release|Any CPU
		{15F77B42-9FB1-4F45-8A54-8C3BEEFFD8E6}.Release|x64.Build.0 = Release|Any CPU
		{15F77B42-9FB1-4F45-8A54-8C3BEEFFD8E6}.Release|x86.ActiveCfg = Release|Any CPU
		{15F77B42-9FB1-4F45-8A54-8C3BEEFFD8E6}.Release|x86.Build.0 = Release|Any CPU
		{20FBA346-6F39-493F-A1AE-D7135C14A1C1}.Debug|Any CPU.ActiveCfg = Debug|Any CPU
		{20FBA346-6F39-493F-A1AE-D7135C14A1C1}.Debug|Any CPU.Build.0 = Debug|Any CPU
		{20FBA346-6F39-493F-A1AE-D7135C14A1C1}.Debug|ARM.ActiveCfg = Debug|Any CPU
		{20FBA346-6F39-493F-A1AE-D7135C14A1C1}.Debug|ARM.Build.0 = Debug|Any CPU
		{20FBA346-6F39-493F-A1AE-D7135C14A1C1}.Debug|Mixed Platforms.ActiveCfg = Debug|Any CPU
		{20FBA346-6F39-493F-A1AE-D7135C14A1C1}.Debug|Mixed Platforms.Build.0 = Debug|Any CPU
		{20FBA346-6F39-493F-A1AE-D7135C14A1C1}.Debug|x64.ActiveCfg = Debug|Any CPU
		{20FBA346-6F39-493F-A1AE-D7135C14A1C1}.Debug|x64.Build.0 = Debug|Any CPU
		{20FBA346-6F39-493F-A1AE-D7135C14A1C1}.Debug|x86.ActiveCfg = Debug|Any CPU
		{20FBA346-6F39-493F-A1AE-D7135C14A1C1}.Debug|x86.Build.0 = Debug|Any CPU
		{20FBA346-6F39-493F-A1AE-D7135C14A1C1}.Release|Any CPU.ActiveCfg = Release|Any CPU
		{20FBA346-6F39-493F-A1AE-D7135C14A1C1}.Release|Any CPU.Build.0 = Release|Any CPU
		{20FBA346-6F39-493F-A1AE-D7135C14A1C1}.Release|ARM.ActiveCfg = Release|Any CPU
		{20FBA346-6F39-493F-A1AE-D7135C14A1C1}.Release|ARM.Build.0 = Release|Any CPU
		{20FBA346-6F39-493F-A1AE-D7135C14A1C1}.Release|Mixed Platforms.ActiveCfg = Release|Any CPU
		{20FBA346-6F39-493F-A1AE-D7135C14A1C1}.Release|Mixed Platforms.Build.0 = Release|Any CPU
		{20FBA346-6F39-493F-A1AE-D7135C14A1C1}.Release|x64.ActiveCfg = Release|Any CPU
		{20FBA346-6F39-493F-A1AE-D7135C14A1C1}.Release|x64.Build.0 = Release|Any CPU
		{20FBA346-6F39-493F-A1AE-D7135C14A1C1}.Release|x86.ActiveCfg = Release|Any CPU
		{20FBA346-6F39-493F-A1AE-D7135C14A1C1}.Release|x86.Build.0 = Release|Any CPU
		{21735B95-34AB-4277-BF57-4B02C0F2E4FA}.Debug|Any CPU.ActiveCfg = Debug|Any CPU
		{21735B95-34AB-4277-BF57-4B02C0F2E4FA}.Debug|Any CPU.Build.0 = Debug|Any CPU
		{21735B95-34AB-4277-BF57-4B02C0F2E4FA}.Debug|ARM.ActiveCfg = Debug|Any CPU
		{21735B95-34AB-4277-BF57-4B02C0F2E4FA}.Debug|ARM.Build.0 = Debug|Any CPU
		{21735B95-34AB-4277-BF57-4B02C0F2E4FA}.Debug|Mixed Platforms.ActiveCfg = Debug|Any CPU
		{21735B95-34AB-4277-BF57-4B02C0F2E4FA}.Debug|Mixed Platforms.Build.0 = Debug|Any CPU
		{21735B95-34AB-4277-BF57-4B02C0F2E4FA}.Debug|x64.ActiveCfg = Debug|Any CPU
		{21735B95-34AB-4277-BF57-4B02C0F2E4FA}.Debug|x64.Build.0 = Debug|Any CPU
		{21735B95-34AB-4277-BF57-4B02C0F2E4FA}.Debug|x86.ActiveCfg = Debug|Any CPU
		{21735B95-34AB-4277-BF57-4B02C0F2E4FA}.Debug|x86.Build.0 = Debug|Any CPU
		{21735B95-34AB-4277-BF57-4B02C0F2E4FA}.Release|Any CPU.ActiveCfg = Release|Any CPU
		{21735B95-34AB-4277-BF57-4B02C0F2E4FA}.Release|Any CPU.Build.0 = Release|Any CPU
		{21735B95-34AB-4277-BF57-4B02C0F2E4FA}.Release|ARM.ActiveCfg = Release|Any CPU
		{21735B95-34AB-4277-BF57-4B02C0F2E4FA}.Release|ARM.Build.0 = Release|Any CPU
		{21735B95-34AB-4277-BF57-4B02C0F2E4FA}.Release|Mixed Platforms.ActiveCfg = Release|Any CPU
		{21735B95-34AB-4277-BF57-4B02C0F2E4FA}.Release|Mixed Platforms.Build.0 = Release|Any CPU
		{21735B95-34AB-4277-BF57-4B02C0F2E4FA}.Release|x64.ActiveCfg = Release|Any CPU
		{21735B95-34AB-4277-BF57-4B02C0F2E4FA}.Release|x64.Build.0 = Release|Any CPU
		{21735B95-34AB-4277-BF57-4B02C0F2E4FA}.Release|x86.ActiveCfg = Release|Any CPU
		{21735B95-34AB-4277-BF57-4B02C0F2E4FA}.Release|x86.Build.0 = Release|Any CPU
	EndGlobalSection
	GlobalSection(SolutionProperties) = preSolution
		HideSolutionNode = FALSE
	EndGlobalSection
EndGlobal
